
Microsoft Visual Studio Solution File, Format Version 12.00
# Visual Studio 15
VisualStudioVersion = 15.0.27428.1
MinimumVisualStudioVersion = 10.0.40219.1
Project("{FAE04EC0-301F-11D3-BF4B-00C04F79EFBC}") = "Travis.Tests", "Travis.Tests.csproj", "{71FE3289-28F7-4DDA-BD70-05112E2256CA}"
EndProject
Global
	GlobalSection(SolutionConfigurationPlatforms) = preSolution
		Debug|Any CPU = Debug|Any CPU
		Release|Any CPU = Release|Any CPU
	EndGlobalSection
	GlobalSection(ProjectConfigurationPlatforms) = postSolution
		{71FE3289-28F7-4DDA-BD70-05112E2256CA}.Debug|Any CPU.ActiveCfg = Debug|Any CPU
		{71FE3289-28F7-4DDA-BD70-05112E2256CA}.Debug|Any CPU.Build.0 = Debug|Any CPU
		{71FE3289-28F7-4DDA-BD70-05112E2256CA}.Release|Any CPU.ActiveCfg = Release|Any CPU
		{71FE3289-28F7-4DDA-BD70-05112E2256CA}.Release|Any CPU.Build.0 = Release|Any CPU
	EndGlobalSection
	GlobalSection(SolutionProperties) = preSolution
		HideSolutionNode = FALSE
	EndGlobalSection
	GlobalSection(ExtensibilityGlobals) = postSolution
		SolutionGuid = {BBCE3DE8-0BB0-4289-A9FC-D8EA9FB8D2D2}
	EndGlobalSection
EndGlobal
